// !$*UTF8*$!
{
	archiveVersion = 1;
	classes = {
	};
	objectVersion = 56;
	objects = {

/* Begin PBXBuildFile section */
		071FA5222A20A99F00C7B362 /* Odya_iOSApp.swift in Sources */ = {isa = PBXBuildFile; fileRef = 071FA5212A20A99F00C7B362 /* Odya_iOSApp.swift */; };
		071FA5242A20A99F00C7B362 /* LoginView.swift in Sources */ = {isa = PBXBuildFile; fileRef = 071FA5232A20A99F00C7B362 /* LoginView.swift */; };
		071FA5262A20A9A000C7B362 /* Assets.xcassets in Resources */ = {isa = PBXBuildFile; fileRef = 071FA5252A20A9A000C7B362 /* Assets.xcassets */; };
		071FA5292A20A9A000C7B362 /* Preview Assets.xcassets in Resources */ = {isa = PBXBuildFile; fileRef = 071FA5282A20A9A000C7B362 /* Preview Assets.xcassets */; };
		0732948A2A2C9975008E1026 /* UserDefaults.swift in Sources */ = {isa = PBXBuildFile; fileRef = 073294892A2C9975008E1026 /* UserDefaults.swift */; };
		07814B652A3AEAE400F71F95 /* RecentSearchCell.swift in Sources */ = {isa = PBXBuildFile; fileRef = 07814B642A3AEAE400F71F95 /* RecentSearchCell.swift */; };
		07AF2B142A392AE300D54780 /* GoogleMaps in Frameworks */ = {isa = PBXBuildFile; productRef = 07AF2B132A392AE300D54780 /* GoogleMaps */; };
		07AF2B162A392AE300D54780 /* GooglePlaces in Frameworks */ = {isa = PBXBuildFile; productRef = 07AF2B152A392AE300D54780 /* GooglePlaces */; };
		07AF2B192A392F0500D54780 /* LocationSearchView.swift in Sources */ = {isa = PBXBuildFile; fileRef = 07AF2B182A392F0500D54780 /* LocationSearchView.swift */; };
		07AF2B1B2A392F1600D54780 /* LocationSearchActivationView.swift in Sources */ = {isa = PBXBuildFile; fileRef = 07AF2B1A2A392F1600D54780 /* LocationSearchActivationView.swift */; };
		07AF2B1D2A392F7800D54780 /* LocationSearchResultCell.swift in Sources */ = {isa = PBXBuildFile; fileRef = 07AF2B1C2A392F7800D54780 /* LocationSearchResultCell.swift */; };
		07AF2B212A39303800D54780 /* LocationSearchViewModel.swift in Sources */ = {isa = PBXBuildFile; fileRef = 07AF2B202A39303800D54780 /* LocationSearchViewModel.swift */; };
		07B54E062A263B5A00F631EF /* TestView.swift in Sources */ = {isa = PBXBuildFile; fileRef = 07B54E052A263B5A00F631EF /* TestView.swift */; };
		07B54E092A26474F00F631EF /* TestAPIService.swift in Sources */ = {isa = PBXBuildFile; fileRef = 07B54E082A26474F00F631EF /* TestAPIService.swift */; };
		07B725FA2A2A591A0024C5E8 /* AppleLoginButton.swift in Sources */ = {isa = PBXBuildFile; fileRef = 07B725F92A2A591A0024C5E8 /* AppleLoginButton.swift */; };
		3E0588FD2A276E64005C29D9 /* KakaoLoginView.swift in Sources */ = {isa = PBXBuildFile; fileRef = 3E0588FC2A276E64005C29D9 /* KakaoLoginView.swift */; };
		3E0588FF2A276E76005C29D9 /* KakaoAuthViewModel.swift in Sources */ = {isa = PBXBuildFile; fileRef = 3E0588FE2A276E76005C29D9 /* KakaoAuthViewModel.swift */; };
		3E0589012A276E84005C29D9 /* AppDelegate.swift in Sources */ = {isa = PBXBuildFile; fileRef = 3E0589002A276E84005C29D9 /* AppDelegate.swift */; };
		3E0589032A276E8C005C29D9 /* SceneDelegate.swift in Sources */ = {isa = PBXBuildFile; fileRef = 3E0589022A276E8C005C29D9 /* SceneDelegate.swift */; };
		3E36EC732A2B596C006008E5 /* MainView.swift in Sources */ = {isa = PBXBuildFile; fileRef = 3E36EC722A2B596C006008E5 /* MainView.swift */; };
		3E3EC3AD2A388AA5002BF519 /* Alamofire in Frameworks */ = {isa = PBXBuildFile; productRef = 3E3EC3AC2A388AA5002BF519 /* Alamofire */; };
		3E3EC3B02A388AC0002BF519 /* SwiftyJSON in Frameworks */ = {isa = PBXBuildFile; productRef = 3E3EC3AF2A388AC0002BF519 /* SwiftyJSON */; };
		3E3EC3B32A388ADE002BF519 /* webp in Frameworks */ = {isa = PBXBuildFile; productRef = 3E3EC3B22A388ADE002BF519 /* webp */; };
		3E3EC3B62A388B55002BF519 /* KakaoSDK in Frameworks */ = {isa = PBXBuildFile; productRef = 3E3EC3B52A388B55002BF519 /* KakaoSDK */; };
		3E800EBD2A3D9FF0001EA4C4 /* WebpViewModel.swift in Sources */ = {isa = PBXBuildFile; fileRef = 3E800EBC2A3D9FF0001EA4C4 /* WebpViewModel.swift */; };
		3E800EBF2A3DAD7D001EA4C4 /* UIImage.swift in Sources */ = {isa = PBXBuildFile; fileRef = 3E800EBE2A3DAD7D001EA4C4 /* UIImage.swift */; };
		3E800EC12A3E1561001EA4C4 /* WebpTestView.swift in Sources */ = {isa = PBXBuildFile; fileRef = 3E800EC02A3E1561001EA4C4 /* WebpTestView.swift */; };
		3E800EC32A3E15D9001EA4C4 /* ImageGridView.swift in Sources */ = {isa = PBXBuildFile; fileRef = 3E800EC22A3E15D9001EA4C4 /* ImageGridView.swift */; };
		3E800EC52A3E16D4001EA4C4 /* PhotoPickerView.swift in Sources */ = {isa = PBXBuildFile; fileRef = 3E800EC42A3E16D4001EA4C4 /* PhotoPickerView.swift */; };
/* End PBXBuildFile section */

/* Begin PBXFileReference section */
		071FA51E2A20A99F00C7B362 /* Odya-iOS.app */ = {isa = PBXFileReference; explicitFileType = wrapper.application; includeInIndex = 0; path = "Odya-iOS.app"; sourceTree = BUILT_PRODUCTS_DIR; };
		071FA5212A20A99F00C7B362 /* Odya_iOSApp.swift */ = {isa = PBXFileReference; lastKnownFileType = sourcecode.swift; path = Odya_iOSApp.swift; sourceTree = "<group>"; };
		071FA5232A20A99F00C7B362 /* LoginView.swift */ = {isa = PBXFileReference; lastKnownFileType = sourcecode.swift; path = LoginView.swift; sourceTree = "<group>"; };
		071FA5252A20A9A000C7B362 /* Assets.xcassets */ = {isa = PBXFileReference; lastKnownFileType = folder.assetcatalog; path = Assets.xcassets; sourceTree = "<group>"; };
		071FA5282A20A9A000C7B362 /* Preview Assets.xcassets */ = {isa = PBXFileReference; lastKnownFileType = folder.assetcatalog; path = "Preview Assets.xcassets"; sourceTree = "<group>"; };
		073294892A2C9975008E1026 /* UserDefaults.swift */ = {isa = PBXFileReference; lastKnownFileType = sourcecode.swift; path = UserDefaults.swift; sourceTree = "<group>"; };
		07814B642A3AEAE400F71F95 /* RecentSearchCell.swift */ = {isa = PBXFileReference; lastKnownFileType = sourcecode.swift; path = RecentSearchCell.swift; sourceTree = "<group>"; };
		07AF2B182A392F0500D54780 /* LocationSearchView.swift */ = {isa = PBXFileReference; lastKnownFileType = sourcecode.swift; path = LocationSearchView.swift; sourceTree = "<group>"; };
		07AF2B1A2A392F1600D54780 /* LocationSearchActivationView.swift */ = {isa = PBXFileReference; lastKnownFileType = sourcecode.swift; path = LocationSearchActivationView.swift; sourceTree = "<group>"; };
		07AF2B1C2A392F7800D54780 /* LocationSearchResultCell.swift */ = {isa = PBXFileReference; lastKnownFileType = sourcecode.swift; path = LocationSearchResultCell.swift; sourceTree = "<group>"; };
		07AF2B202A39303800D54780 /* LocationSearchViewModel.swift */ = {isa = PBXFileReference; lastKnownFileType = sourcecode.swift; path = LocationSearchViewModel.swift; sourceTree = "<group>"; };
		07B54E052A263B5A00F631EF /* TestView.swift */ = {isa = PBXFileReference; lastKnownFileType = sourcecode.swift; path = TestView.swift; sourceTree = "<group>"; };
		07B54E082A26474F00F631EF /* TestAPIService.swift */ = {isa = PBXFileReference; lastKnownFileType = sourcecode.swift; path = TestAPIService.swift; sourceTree = "<group>"; };
		07B725F82A2A50280024C5E8 /* Odya-iOS.entitlements */ = {isa = PBXFileReference; lastKnownFileType = text.plist.entitlements; path = "Odya-iOS.entitlements"; sourceTree = "<group>"; };
		07B725F92A2A591A0024C5E8 /* AppleLoginButton.swift */ = {isa = PBXFileReference; lastKnownFileType = sourcecode.swift; path = AppleLoginButton.swift; sourceTree = "<group>"; };
		3E0588FC2A276E64005C29D9 /* KakaoLoginView.swift */ = {isa = PBXFileReference; lastKnownFileType = sourcecode.swift; path = KakaoLoginView.swift; sourceTree = "<group>"; };
		3E0588FE2A276E76005C29D9 /* KakaoAuthViewModel.swift */ = {isa = PBXFileReference; lastKnownFileType = sourcecode.swift; name = KakaoAuthViewModel.swift; path = "Odya-iOS/Core/Login/ViewModel/KakaoAuthViewModel.swift"; sourceTree = SOURCE_ROOT; };
		3E0589002A276E84005C29D9 /* AppDelegate.swift */ = {isa = PBXFileReference; lastKnownFileType = sourcecode.swift; path = AppDelegate.swift; sourceTree = "<group>"; };
		3E0589022A276E8C005C29D9 /* SceneDelegate.swift */ = {isa = PBXFileReference; lastKnownFileType = sourcecode.swift; path = SceneDelegate.swift; sourceTree = "<group>"; };
		3E0589042A276EAD005C29D9 /* Info.plist */ = {isa = PBXFileReference; lastKnownFileType = text.plist; path = Info.plist; sourceTree = "<group>"; };
		3E0589052A277063005C29D9 /* Config.xcconfig */ = {isa = PBXFileReference; lastKnownFileType = text.xcconfig; path = Config.xcconfig; sourceTree = "<group>"; };
		3E36EC722A2B596C006008E5 /* MainView.swift */ = {isa = PBXFileReference; lastKnownFileType = sourcecode.swift; path = MainView.swift; sourceTree = "<group>"; };
		3E800EBC2A3D9FF0001EA4C4 /* WebpViewModel.swift */ = {isa = PBXFileReference; lastKnownFileType = sourcecode.swift; path = WebpViewModel.swift; sourceTree = "<group>"; };
		3E800EBE2A3DAD7D001EA4C4 /* UIImage.swift */ = {isa = PBXFileReference; lastKnownFileType = sourcecode.swift; name = UIImage.swift; path = "Odya-iOS/Extensions/UIImage.swift"; sourceTree = SOURCE_ROOT; };
		3E800EC02A3E1561001EA4C4 /* WebpTestView.swift */ = {isa = PBXFileReference; lastKnownFileType = sourcecode.swift; path = WebpTestView.swift; sourceTree = "<group>"; };
		3E800EC22A3E15D9001EA4C4 /* ImageGridView.swift */ = {isa = PBXFileReference; lastKnownFileType = sourcecode.swift; path = ImageGridView.swift; sourceTree = "<group>"; };
		3E800EC42A3E16D4001EA4C4 /* PhotoPickerView.swift */ = {isa = PBXFileReference; lastKnownFileType = sourcecode.swift; path = PhotoPickerView.swift; sourceTree = "<group>"; };
/* End PBXFileReference section */

/* Begin PBXFrameworksBuildPhase section */
		071FA51B2A20A99F00C7B362 /* Frameworks */ = {
			isa = PBXFrameworksBuildPhase;
			buildActionMask = 2147483647;
			files = (
				3E3EC3B02A388AC0002BF519 /* SwiftyJSON in Frameworks */,
				3E3EC3B62A388B55002BF519 /* KakaoSDK in Frameworks */,
				3E3EC3B32A388ADE002BF519 /* webp in Frameworks */,
				3E3EC3AD2A388AA5002BF519 /* Alamofire in Frameworks */,
				07AF2B162A392AE300D54780 /* GooglePlaces in Frameworks */,
				07AF2B142A392AE300D54780 /* GoogleMaps in Frameworks */,
			);
			runOnlyForDeploymentPostprocessing = 0;
		};
/* End PBXFrameworksBuildPhase section */

/* Begin PBXGroup section */
		071FA5152A20A99F00C7B362 = {
			isa = PBXGroup;
			children = (
				071FA5202A20A99F00C7B362 /* Odya-iOS */,
				071FA51F2A20A99F00C7B362 /* Products */,
			);
			sourceTree = "<group>";
		};
		071FA51F2A20A99F00C7B362 /* Products */ = {
			isa = PBXGroup;
			children = (
				071FA51E2A20A99F00C7B362 /* Odya-iOS.app */,
			);
			name = Products;
			sourceTree = "<group>";
		};
		071FA5202A20A99F00C7B362 /* Odya-iOS */ = {
			isa = PBXGroup;
			children = (
				07DFFC102A2F6EA6006A2FB9 /* Model */,
				07B725F82A2A50280024C5E8 /* Odya-iOS.entitlements */,
				3E0589042A276EAD005C29D9 /* Info.plist */,
				3E0589052A277063005C29D9 /* Config.xcconfig */,
				071FA52F2A20ADA400C7B362 /* App */,
				071FA5352A20AE6C00C7B362 /* Core */,
				071FA5342A20AE6000C7B362 /* Extensions */,
				071FA5332A20AE5900C7B362 /* Managers */,
				071FA5252A20A9A000C7B362 /* Assets.xcassets */,
				071FA5272A20A9A000C7B362 /* Preview Content */,
			);
			path = "Odya-iOS";
			sourceTree = "<group>";
		};
		071FA5272A20A9A000C7B362 /* Preview Content */ = {
			isa = PBXGroup;
			children = (
				071FA5282A20A9A000C7B362 /* Preview Assets.xcassets */,
			);
			path = "Preview Content";
			sourceTree = "<group>";
		};
		071FA52F2A20ADA400C7B362 /* App */ = {
			isa = PBXGroup;
			children = (
				071FA5212A20A99F00C7B362 /* Odya_iOSApp.swift */,
				3E0589002A276E84005C29D9 /* AppDelegate.swift */,
				3E0589022A276E8C005C29D9 /* SceneDelegate.swift */,
			);
			path = App;
			sourceTree = "<group>";
		};
		071FA5302A20ADAC00C7B362 /* Login */ = {
			isa = PBXGroup;
			children = (
				071FA5312A20ADB700C7B362 /* View */,
				3E3EC3B72A38915A002BF519 /* ViewModel */,
			);
			path = Login;
			sourceTree = "<group>";
		};
		071FA5312A20ADB700C7B362 /* View */ = {
			isa = PBXGroup;
			children = (
				071FA5232A20A99F00C7B362 /* LoginView.swift */,
				07B725F92A2A591A0024C5E8 /* AppleLoginButton.swift */,
				3E0588FC2A276E64005C29D9 /* KakaoLoginView.swift */,
			);
			path = View;
			sourceTree = "<group>";
		};
		071FA5332A20AE5900C7B362 /* Managers */ = {
			isa = PBXGroup;
			children = (
			);
			path = Managers;
			sourceTree = "<group>";
		};
		071FA5342A20AE6000C7B362 /* Extensions */ = {
			isa = PBXGroup;
			children = (
				3E800EBE2A3DAD7D001EA4C4 /* UIImage.swift */,
			);
			path = Extensions;
			sourceTree = "<group>";
		};
		071FA5352A20AE6C00C7B362 /* Core */ = {
			isa = PBXGroup;
			children = (
				3E800EB82A3D9F23001EA4C4 /* Webp */,
				07B54E032A263B2700F631EF /* API_Test */,
				071FA5302A20ADAC00C7B362 /* Login */,
				3E36EC722A2B596C006008E5 /* MainView.swift */,
				07AF2B172A392EEE00D54780 /* LocationSearch */,
			);
			path = Core;
			sourceTree = "<group>";
		};
		07AF2B172A392EEE00D54780 /* LocationSearch */ = {
			isa = PBXGroup;
			children = (
				07AF2B1F2A39301A00D54780 /* ViewModel */,
				07AF2B1E2A39300D00D54780 /* View */,
			);
			path = LocationSearch;
			sourceTree = "<group>";
		};
		07AF2B1E2A39300D00D54780 /* View */ = {
			isa = PBXGroup;
			children = (
				07AF2B182A392F0500D54780 /* LocationSearchView.swift */,
				07AF2B1A2A392F1600D54780 /* LocationSearchActivationView.swift */,
				07AF2B1C2A392F7800D54780 /* LocationSearchResultCell.swift */,
				07814B642A3AEAE400F71F95 /* RecentSearchCell.swift */,
			);
			path = View;
			sourceTree = "<group>";
		};
		07AF2B1F2A39301A00D54780 /* ViewModel */ = {
			isa = PBXGroup;
			children = (
				07AF2B202A39303800D54780 /* LocationSearchViewModel.swift */,
			);
			path = ViewModel;
			sourceTree = "<group>";
		};
		07B54E032A263B2700F631EF /* API_Test */ = {
			isa = PBXGroup;
			children = (
				07B54E082A26474F00F631EF /* TestAPIService.swift */,
				07B54E042A263B4200F631EF /* View */,
			);
			path = API_Test;
			sourceTree = "<group>";
		};
		07B54E042A263B4200F631EF /* View */ = {
			isa = PBXGroup;
			children = (
				07B54E052A263B5A00F631EF /* TestView.swift */,
			);
			path = View;
			sourceTree = "<group>";
		};
		07DFFC102A2F6EA6006A2FB9 /* Model */ = {
			isa = PBXGroup;
			children = (
				073294892A2C9975008E1026 /* UserDefaults.swift */,
			);
			path = Model;
			sourceTree = "<group>";
		};
		3E3EC3B72A38915A002BF519 /* ViewModel */ = {
			isa = PBXGroup;
			children = (
				3E0588FE2A276E76005C29D9 /* KakaoAuthViewModel.swift */,
			);
			path = ViewModel;
			sourceTree = "<group>";
		};
		3E800EB82A3D9F23001EA4C4 /* Webp */ = {
			isa = PBXGroup;
			children = (
				3E800EBB2A3D9F7D001EA4C4 /* ViewModel */,
				3E800EB92A3D9F5D001EA4C4 /* View */,
			);
			path = Webp;
			sourceTree = "<group>";
		};
		3E800EB92A3D9F5D001EA4C4 /* View */ = {
			isa = PBXGroup;
			children = (
				3E800EC02A3E1561001EA4C4 /* WebpTestView.swift */,
				3E800EC22A3E15D9001EA4C4 /* ImageGridView.swift */,
				3E800EC42A3E16D4001EA4C4 /* PhotoPickerView.swift */,
			);
			path = View;
			sourceTree = "<group>";
		};
		3E800EBB2A3D9F7D001EA4C4 /* ViewModel */ = {
			isa = PBXGroup;
			children = (
				3E800EBC2A3D9FF0001EA4C4 /* WebpViewModel.swift */,
			);
			path = ViewModel;
			sourceTree = "<group>";
		};
/* End PBXGroup section */

/* Begin PBXNativeTarget section */
		071FA51D2A20A99F00C7B362 /* Odya-iOS */ = {
			isa = PBXNativeTarget;
			buildConfigurationList = 071FA52C2A20A9A000C7B362 /* Build configuration list for PBXNativeTarget "Odya-iOS" */;
			buildPhases = (
				071FA51A2A20A99F00C7B362 /* Sources */,
				071FA51B2A20A99F00C7B362 /* Frameworks */,
				071FA51C2A20A99F00C7B362 /* Resources */,
			);
			buildRules = (
			);
			dependencies = (
			);
			name = "Odya-iOS";
			packageProductDependencies = (
				3E3EC3AC2A388AA5002BF519 /* Alamofire */,
				3E3EC3AF2A388AC0002BF519 /* SwiftyJSON */,
				3E3EC3B22A388ADE002BF519 /* webp */,
				3E3EC3B52A388B55002BF519 /* KakaoSDK */,
				07AF2B132A392AE300D54780 /* GoogleMaps */,
				07AF2B152A392AE300D54780 /* GooglePlaces */,
			);
			productName = "Odya-iOS";
			productReference = 071FA51E2A20A99F00C7B362 /* Odya-iOS.app */;
			productType = "com.apple.product-type.application";
		};
/* End PBXNativeTarget section */

/* Begin PBXProject section */
		071FA5162A20A99F00C7B362 /* Project object */ = {
			isa = PBXProject;
			attributes = {
				BuildIndependentTargetsInParallel = 1;
				LastSwiftUpdateCheck = 1420;
				LastUpgradeCheck = 1430;
				TargetAttributes = {
					071FA51D2A20A99F00C7B362 = {
						CreatedOnToolsVersion = 14.2;
					};
				};
			};
			buildConfigurationList = 071FA5192A20A99F00C7B362 /* Build configuration list for PBXProject "Odya-iOS" */;
			compatibilityVersion = "Xcode 14.0";
			developmentRegion = en;
			hasScannedForEncodings = 0;
			knownRegions = (
				en,
				Base,
			);
			mainGroup = 071FA5152A20A99F00C7B362;
			packageReferences = (
				3E3EC3AB2A388AA5002BF519 /* XCRemoteSwiftPackageReference "Alamofire" */,
				3E3EC3AE2A388AC0002BF519 /* XCRemoteSwiftPackageReference "SwiftyJSON" */,
				3E3EC3B12A388ADE002BF519 /* XCRemoteSwiftPackageReference "webp.swift" */,
				3E3EC3B42A388B55002BF519 /* XCRemoteSwiftPackageReference "kakao-ios-sdk" */,
				07AF2B122A392AE300D54780 /* XCRemoteSwiftPackageReference "GoogleMaps-SP" */,
			);
			productRefGroup = 071FA51F2A20A99F00C7B362 /* Products */;
			projectDirPath = "";
			projectRoot = "";
			targets = (
				071FA51D2A20A99F00C7B362 /* Odya-iOS */,
			);
		};
/* End PBXProject section */

/* Begin PBXResourcesBuildPhase section */
		071FA51C2A20A99F00C7B362 /* Resources */ = {
			isa = PBXResourcesBuildPhase;
			buildActionMask = 2147483647;
			files = (
				071FA5292A20A9A000C7B362 /* Preview Assets.xcassets in Resources */,
				071FA5262A20A9A000C7B362 /* Assets.xcassets in Resources */,
			);
			runOnlyForDeploymentPostprocessing = 0;
		};
/* End PBXResourcesBuildPhase section */

/* Begin PBXSourcesBuildPhase section */
		071FA51A2A20A99F00C7B362 /* Sources */ = {
			isa = PBXSourcesBuildPhase;
			buildActionMask = 2147483647;
			files = (
				07AF2B1D2A392F7800D54780 /* LocationSearchResultCell.swift in Sources */,
				07814B652A3AEAE400F71F95 /* RecentSearchCell.swift in Sources */,
				07B54E062A263B5A00F631EF /* TestView.swift in Sources */,
				07B725FA2A2A591A0024C5E8 /* AppleLoginButton.swift in Sources */,
				07AF2B212A39303800D54780 /* LocationSearchViewModel.swift in Sources */,
				0732948A2A2C9975008E1026 /* UserDefaults.swift in Sources */,
				3E0588FF2A276E76005C29D9 /* KakaoAuthViewModel.swift in Sources */,
				3E36EC732A2B596C006008E5 /* MainView.swift in Sources */,
				071FA5242A20A99F00C7B362 /* LoginView.swift in Sources */,
				071FA5222A20A99F00C7B362 /* Odya_iOSApp.swift in Sources */,
				3E0589012A276E84005C29D9 /* AppDelegate.swift in Sources */,
				3E0588FD2A276E64005C29D9 /* KakaoLoginView.swift in Sources */,
				3E0589032A276E8C005C29D9 /* SceneDelegate.swift in Sources */,
				07B54E062A263B5A00F631EF /* TestView.swift in Sources */,
				07B54E092A26474F00F631EF /* TestAPIService.swift in Sources */,
				3E800EBD2A3D9FF0001EA4C4 /* WebpViewModel.swift in Sources */,
				3E800EBF2A3DAD7D001EA4C4 /* UIImage.swift in Sources */,
				07AF2B192A392F0500D54780 /* LocationSearchView.swift in Sources */,
				3E800EC32A3E15D9001EA4C4 /* ImageGridView.swift in Sources */,
				3E800EC52A3E16D4001EA4C4 /* PhotoPickerView.swift in Sources */,
				3E800EC12A3E1561001EA4C4 /* WebpTestView.swift in Sources */,
				07AF2B1B2A392F1600D54780 /* LocationSearchActivationView.swift in Sources */,
			);
			runOnlyForDeploymentPostprocessing = 0;
		};
/* End PBXSourcesBuildPhase section */

/* Begin XCBuildConfiguration section */
		071FA52A2A20A9A000C7B362 /* Debug */ = {
			isa = XCBuildConfiguration;
			baseConfigurationReference = 3E0589052A277063005C29D9 /* Config.xcconfig */;
			buildSettings = {
				ALWAYS_SEARCH_USER_PATHS = NO;
				CLANG_ANALYZER_NONNULL = YES;
				CLANG_ANALYZER_NUMBER_OBJECT_CONVERSION = YES_AGGRESSIVE;
				CLANG_CXX_LANGUAGE_STANDARD = "gnu++20";
				CLANG_ENABLE_MODULES = YES;
				CLANG_ENABLE_OBJC_ARC = YES;
				CLANG_ENABLE_OBJC_WEAK = YES;
				CLANG_WARN_BLOCK_CAPTURE_AUTORELEASING = YES;
				CLANG_WARN_BOOL_CONVERSION = YES;
				CLANG_WARN_COMMA = YES;
				CLANG_WARN_CONSTANT_CONVERSION = YES;
				CLANG_WARN_DEPRECATED_OBJC_IMPLEMENTATIONS = YES;
				CLANG_WARN_DIRECT_OBJC_ISA_USAGE = YES_ERROR;
				CLANG_WARN_DOCUMENTATION_COMMENTS = YES;
				CLANG_WARN_EMPTY_BODY = YES;
				CLANG_WARN_ENUM_CONVERSION = YES;
				CLANG_WARN_INFINITE_RECURSION = YES;
				CLANG_WARN_INT_CONVERSION = YES;
				CLANG_WARN_NON_LITERAL_NULL_CONVERSION = YES;
				CLANG_WARN_OBJC_IMPLICIT_RETAIN_SELF = YES;
				CLANG_WARN_OBJC_LITERAL_CONVERSION = YES;
				CLANG_WARN_OBJC_ROOT_CLASS = YES_ERROR;
				CLANG_WARN_QUOTED_INCLUDE_IN_FRAMEWORK_HEADER = YES;
				CLANG_WARN_RANGE_LOOP_ANALYSIS = YES;
				CLANG_WARN_STRICT_PROTOTYPES = YES;
				CLANG_WARN_SUSPICIOUS_MOVE = YES;
				CLANG_WARN_UNGUARDED_AVAILABILITY = YES_AGGRESSIVE;
				CLANG_WARN_UNREACHABLE_CODE = YES;
				CLANG_WARN__DUPLICATE_METHOD_MATCH = YES;
				COPY_PHASE_STRIP = NO;
				DEBUG_INFORMATION_FORMAT = dwarf;
				ENABLE_STRICT_OBJC_MSGSEND = YES;
				ENABLE_TESTABILITY = YES;
				EXCLUDED_ARCHS = "";
				GCC_C_LANGUAGE_STANDARD = gnu11;
				GCC_DYNAMIC_NO_PIC = NO;
				GCC_NO_COMMON_BLOCKS = YES;
				GCC_OPTIMIZATION_LEVEL = 0;
				GCC_PREPROCESSOR_DEFINITIONS = (
					"DEBUG=1",
					"$(inherited)",
				);
				GCC_WARN_64_TO_32_BIT_CONVERSION = YES;
				GCC_WARN_ABOUT_RETURN_TYPE = YES_ERROR;
				GCC_WARN_UNDECLARED_SELECTOR = YES;
				GCC_WARN_UNINITIALIZED_AUTOS = YES_AGGRESSIVE;
				GCC_WARN_UNUSED_FUNCTION = YES;
				GCC_WARN_UNUSED_VARIABLE = YES;
				IPHONEOS_DEPLOYMENT_TARGET = 16.0;
				MTL_ENABLE_DEBUG_INFO = INCLUDE_SOURCE;
				MTL_FAST_MATH = YES;
				ONLY_ACTIVE_ARCH = YES;
				SDKROOT = iphoneos;
				SWIFT_ACTIVE_COMPILATION_CONDITIONS = DEBUG;
				SWIFT_OPTIMIZATION_LEVEL = "-Onone";
			};
			name = Debug;
		};
		071FA52B2A20A9A000C7B362 /* Release */ = {
			isa = XCBuildConfiguration;
			baseConfigurationReference = 3E0589052A277063005C29D9 /* Config.xcconfig */;
			buildSettings = {
				ALWAYS_SEARCH_USER_PATHS = NO;
				CLANG_ANALYZER_NONNULL = YES;
				CLANG_ANALYZER_NUMBER_OBJECT_CONVERSION = YES_AGGRESSIVE;
				CLANG_CXX_LANGUAGE_STANDARD = "gnu++20";
				CLANG_ENABLE_MODULES = YES;
				CLANG_ENABLE_OBJC_ARC = YES;
				CLANG_ENABLE_OBJC_WEAK = YES;
				CLANG_WARN_BLOCK_CAPTURE_AUTORELEASING = YES;
				CLANG_WARN_BOOL_CONVERSION = YES;
				CLANG_WARN_COMMA = YES;
				CLANG_WARN_CONSTANT_CONVERSION = YES;
				CLANG_WARN_DEPRECATED_OBJC_IMPLEMENTATIONS = YES;
				CLANG_WARN_DIRECT_OBJC_ISA_USAGE = YES_ERROR;
				CLANG_WARN_DOCUMENTATION_COMMENTS = YES;
				CLANG_WARN_EMPTY_BODY = YES;
				CLANG_WARN_ENUM_CONVERSION = YES;
				CLANG_WARN_INFINITE_RECURSION = YES;
				CLANG_WARN_INT_CONVERSION = YES;
				CLANG_WARN_NON_LITERAL_NULL_CONVERSION = YES;
				CLANG_WARN_OBJC_IMPLICIT_RETAIN_SELF = YES;
				CLANG_WARN_OBJC_LITERAL_CONVERSION = YES;
				CLANG_WARN_OBJC_ROOT_CLASS = YES_ERROR;
				CLANG_WARN_QUOTED_INCLUDE_IN_FRAMEWORK_HEADER = YES;
				CLANG_WARN_RANGE_LOOP_ANALYSIS = YES;
				CLANG_WARN_STRICT_PROTOTYPES = YES;
				CLANG_WARN_SUSPICIOUS_MOVE = YES;
				CLANG_WARN_UNGUARDED_AVAILABILITY = YES_AGGRESSIVE;
				CLANG_WARN_UNREACHABLE_CODE = YES;
				CLANG_WARN__DUPLICATE_METHOD_MATCH = YES;
				COPY_PHASE_STRIP = NO;
				DEBUG_INFORMATION_FORMAT = "dwarf-with-dsym";
				ENABLE_NS_ASSERTIONS = NO;
				ENABLE_STRICT_OBJC_MSGSEND = YES;
				EXCLUDED_ARCHS = "";
				GCC_C_LANGUAGE_STANDARD = gnu11;
				GCC_NO_COMMON_BLOCKS = YES;
				GCC_WARN_64_TO_32_BIT_CONVERSION = YES;
				GCC_WARN_ABOUT_RETURN_TYPE = YES_ERROR;
				GCC_WARN_UNDECLARED_SELECTOR = YES;
				GCC_WARN_UNINITIALIZED_AUTOS = YES_AGGRESSIVE;
				GCC_WARN_UNUSED_FUNCTION = YES;
				GCC_WARN_UNUSED_VARIABLE = YES;
				IPHONEOS_DEPLOYMENT_TARGET = 16.0;
				MTL_ENABLE_DEBUG_INFO = NO;
				MTL_FAST_MATH = YES;
				ONLY_ACTIVE_ARCH = YES;
				SDKROOT = iphoneos;
				SWIFT_COMPILATION_MODE = wholemodule;
				SWIFT_OPTIMIZATION_LEVEL = "-O";
				VALIDATE_PRODUCT = YES;
			};
			name = Release;
		};
		071FA52D2A20A9A000C7B362 /* Debug */ = {
			isa = XCBuildConfiguration;
			baseConfigurationReference = 3E0589052A277063005C29D9 /* Config.xcconfig */;
			buildSettings = {
				ASSETCATALOG_COMPILER_APPICON_NAME = AppIcon;
				ASSETCATALOG_COMPILER_GLOBAL_ACCENT_COLOR_NAME = AccentColor;
				CODE_SIGN_ENTITLEMENTS = "Odya-iOS/Odya-iOS.entitlements";
				CODE_SIGN_IDENTITY = "Apple Development";
				"CODE_SIGN_IDENTITY[sdk=iphoneos*]" = "iPhone Developer";
				CODE_SIGN_STYLE = Manual;
				CURRENT_PROJECT_VERSION = 1;
				DEVELOPMENT_ASSET_PATHS = "\"Odya-iOS/Preview Content\"";
				DEVELOPMENT_TEAM = "";
				"DEVELOPMENT_TEAM[sdk=iphoneos*]" = 7V2ZG69KPK;
				ENABLE_PREVIEWS = YES;
				GENERATE_INFOPLIST_FILE = YES;
				INFOPLIST_FILE = "Odya-iOS/Info.plist";
				INFOPLIST_KEY_UIApplicationSceneManifest_Generation = YES;
				INFOPLIST_KEY_UIApplicationSupportsIndirectInputEvents = YES;
				INFOPLIST_KEY_UILaunchScreen_Generation = YES;
				INFOPLIST_KEY_UISupportedInterfaceOrientations_iPad = "UIInterfaceOrientationPortrait UIInterfaceOrientationPortraitUpsideDown UIInterfaceOrientationLandscapeLeft UIInterfaceOrientationLandscapeRight";
				INFOPLIST_KEY_UISupportedInterfaceOrientations_iPhone = "UIInterfaceOrientationPortrait UIInterfaceOrientationLandscapeLeft UIInterfaceOrientationLandscapeRight";
				LD_RUNPATH_SEARCH_PATHS = (
					"$(inherited)",
					"@executable_path/Frameworks",
				);
				MARKETING_VERSION = 1.0;
				PRODUCT_BUNDLE_IDENTIFIER = "com.weit.Odya-iOS";
				PRODUCT_NAME = "$(TARGET_NAME)";
				PROVISIONING_PROFILE_SPECIFIER = "";
				"PROVISIONING_PROFILE_SPECIFIER[sdk=iphoneos*]" = 230615_DeviceAvailable;
				SWIFT_EMIT_LOC_STRINGS = YES;
				SWIFT_VERSION = 5.0;
				TARGETED_DEVICE_FAMILY = "1,2";
			};
			name = Debug;
		};
		071FA52E2A20A9A000C7B362 /* Release */ = {
			isa = XCBuildConfiguration;
			baseConfigurationReference = 3E0589052A277063005C29D9 /* Config.xcconfig */;
			buildSettings = {
				ASSETCATALOG_COMPILER_APPICON_NAME = AppIcon;
				ASSETCATALOG_COMPILER_GLOBAL_ACCENT_COLOR_NAME = AccentColor;
				CODE_SIGN_ENTITLEMENTS = "Odya-iOS/Odya-iOS.entitlements";
				"CODE_SIGN_IDENTITY[sdk=iphoneos*]" = "iPhone Developer";
				CODE_SIGN_STYLE = Manual;
				CURRENT_PROJECT_VERSION = 1;
				DEVELOPMENT_ASSET_PATHS = "\"Odya-iOS/Preview Content\"";
				DEVELOPMENT_TEAM = "";
				"DEVELOPMENT_TEAM[sdk=iphoneos*]" = 7V2ZG69KPK;
				ENABLE_PREVIEWS = YES;
				GENERATE_INFOPLIST_FILE = YES;
				INFOPLIST_FILE = "Odya-iOS/Info.plist";
				INFOPLIST_KEY_UIApplicationSceneManifest_Generation = YES;
				INFOPLIST_KEY_UIApplicationSupportsIndirectInputEvents = YES;
				INFOPLIST_KEY_UILaunchScreen_Generation = YES;
				INFOPLIST_KEY_UISupportedInterfaceOrientations_iPad = "UIInterfaceOrientationPortrait UIInterfaceOrientationPortraitUpsideDown UIInterfaceOrientationLandscapeLeft UIInterfaceOrientationLandscapeRight";
				INFOPLIST_KEY_UISupportedInterfaceOrientations_iPhone = "UIInterfaceOrientationPortrait UIInterfaceOrientationLandscapeLeft UIInterfaceOrientationLandscapeRight";
				LD_RUNPATH_SEARCH_PATHS = (
					"$(inherited)",
					"@executable_path/Frameworks",
				);
				MARKETING_VERSION = 1.0;
				PRODUCT_BUNDLE_IDENTIFIER = "com.weit.Odya-iOS";
				PRODUCT_NAME = "$(TARGET_NAME)";
				PROVISIONING_PROFILE_SPECIFIER = "";
				"PROVISIONING_PROFILE_SPECIFIER[sdk=iphoneos*]" = 230615_DeviceAvailable;
				SWIFT_EMIT_LOC_STRINGS = YES;
				SWIFT_VERSION = 5.0;
				TARGETED_DEVICE_FAMILY = "1,2";
			};
			name = Release;
		};
/* End XCBuildConfiguration section */

/* Begin XCConfigurationList section */
		071FA5192A20A99F00C7B362 /* Build configuration list for PBXProject "Odya-iOS" */ = {
			isa = XCConfigurationList;
			buildConfigurations = (
				071FA52A2A20A9A000C7B362 /* Debug */,
				071FA52B2A20A9A000C7B362 /* Release */,
			);
			defaultConfigurationIsVisible = 0;
			defaultConfigurationName = Release;
		};
		071FA52C2A20A9A000C7B362 /* Build configuration list for PBXNativeTarget "Odya-iOS" */ = {
			isa = XCConfigurationList;
			buildConfigurations = (
				071FA52D2A20A9A000C7B362 /* Debug */,
				071FA52E2A20A9A000C7B362 /* Release */,
			);
			defaultConfigurationIsVisible = 0;
			defaultConfigurationName = Release;
		};
/* End XCConfigurationList section */

/* Begin XCRemoteSwiftPackageReference section */
		07AF2B122A392AE300D54780 /* XCRemoteSwiftPackageReference "GoogleMaps-SP" */ = {
			isa = XCRemoteSwiftPackageReference;
			repositoryURL = "https://github.com/YAtechnologies/GoogleMaps-SP";
			requirement = {
				kind = upToNextMinorVersion;
				minimumVersion = 7.2.0;
			};
		};
		3E3EC3AB2A388AA5002BF519 /* XCRemoteSwiftPackageReference "Alamofire" */ = {
			isa = XCRemoteSwiftPackageReference;
			repositoryURL = "https://github.com/Alamofire/Alamofire.git";
			requirement = {
				kind = upToNextMajorVersion;
				minimumVersion = 5.0.0;
			};
		};
		3E3EC3AE2A388AC0002BF519 /* XCRemoteSwiftPackageReference "SwiftyJSON" */ = {
			isa = XCRemoteSwiftPackageReference;
			repositoryURL = "https://github.com/SwiftyJSON/SwiftyJSON";
			requirement = {
				kind = upToNextMajorVersion;
				minimumVersion = 5.0.0;
			};
		};
		3E3EC3B12A388ADE002BF519 /* XCRemoteSwiftPackageReference "webp.swift" */ = {
			isa = XCRemoteSwiftPackageReference;
			repositoryURL = "https://github.com/awxkee/webp.swift.git";
			requirement = {
				kind = upToNextMajorVersion;
				minimumVersion = 1.0.0;
			};
		};
		3E3EC3B42A388B55002BF519 /* XCRemoteSwiftPackageReference "kakao-ios-sdk" */ = {
			isa = XCRemoteSwiftPackageReference;
			repositoryURL = "https://github.com/kakao/kakao-ios-sdk";
			requirement = {
				kind = upToNextMajorVersion;
				minimumVersion = 2.0.0;
			};
		};
/* End XCRemoteSwiftPackageReference section */

/* Begin XCSwiftPackageProductDependency section */
		07AF2B132A392AE300D54780 /* GoogleMaps */ = {
			isa = XCSwiftPackageProductDependency;
			package = 07AF2B122A392AE300D54780 /* XCRemoteSwiftPackageReference "GoogleMaps-SP" */;
			productName = GoogleMaps;
		};
		07AF2B152A392AE300D54780 /* GooglePlaces */ = {
			isa = XCSwiftPackageProductDependency;
			package = 07AF2B122A392AE300D54780 /* XCRemoteSwiftPackageReference "GoogleMaps-SP" */;
			productName = GooglePlaces;
		};
		3E3EC3AC2A388AA5002BF519 /* Alamofire */ = {
			isa = XCSwiftPackageProductDependency;
			package = 3E3EC3AB2A388AA5002BF519 /* XCRemoteSwiftPackageReference "Alamofire" */;
			productName = Alamofire;
		};
		3E3EC3AF2A388AC0002BF519 /* SwiftyJSON */ = {
			isa = XCSwiftPackageProductDependency;
			package = 3E3EC3AE2A388AC0002BF519 /* XCRemoteSwiftPackageReference "SwiftyJSON" */;
			productName = SwiftyJSON;
		};
		3E3EC3B22A388ADE002BF519 /* webp */ = {
			isa = XCSwiftPackageProductDependency;
			package = 3E3EC3B12A388ADE002BF519 /* XCRemoteSwiftPackageReference "webp.swift" */;
			productName = webp;
		};
		3E3EC3B52A388B55002BF519 /* KakaoSDK */ = {
			isa = XCSwiftPackageProductDependency;
			package = 3E3EC3B42A388B55002BF519 /* XCRemoteSwiftPackageReference "kakao-ios-sdk" */;
			productName = KakaoSDK;
		};
/* End XCSwiftPackageProductDependency section */
	};
	rootObject = 071FA5162A20A99F00C7B362 /* Project object */;
}
